// !$*UTF8*$!
{
	archiveVersion = 1;
	classes = {
	};
	objectVersion = 56;
	objects = {

/* Begin PBXBuildFile section */
		C87BB8792B5FFBF900B73BEC /* CharacterCell.swift in Sources */ = {isa = PBXBuildFile; fileRef = C87BB8782B5FFBF900B73BEC /* CharacterCell.swift */; };
		C87BB87B2B600CF000B73BEC /* FavoriteCharactersViewModelDelegate.swift in Sources */ = {isa = PBXBuildFile; fileRef = C87BB87A2B600CF000B73BEC /* FavoriteCharactersViewModelDelegate.swift */; };
		C87BB87F2B613F8700B73BEC /* HomeViewModelTests.swift in Sources */ = {isa = PBXBuildFile; fileRef = C87BB87E2B613F8700B73BEC /* HomeViewModelTests.swift */; };
		C87BB8862B61409100B73BEC /* FavoriteCharactersViewTests.swift in Sources */ = {isa = PBXBuildFile; fileRef = C87BB8852B61409100B73BEC /* FavoriteCharactersViewTests.swift */; };
		C8F15E792B5CA65900723D23 /* AppDelegate.swift in Sources */ = {isa = PBXBuildFile; fileRef = C8F15E782B5CA65900723D23 /* AppDelegate.swift */; };
		C8F15E7B2B5CA65900723D23 /* SceneDelegate.swift in Sources */ = {isa = PBXBuildFile; fileRef = C8F15E7A2B5CA65900723D23 /* SceneDelegate.swift */; };
		C8F15E822B5CA65D00723D23 /* Assets.xcassets in Resources */ = {isa = PBXBuildFile; fileRef = C8F15E812B5CA65D00723D23 /* Assets.xcassets */; };
		C8F15E902B5CA65D00723D23 /* MarvelTesteTests.swift in Sources */ = {isa = PBXBuildFile; fileRef = C8F15E8F2B5CA65D00723D23 /* MarvelTesteTests.swift */; };
		C8F15E9A2B5CA65D00723D23 /* MarvelTesteUITests.swift in Sources */ = {isa = PBXBuildFile; fileRef = C8F15E992B5CA65D00723D23 /* MarvelTesteUITests.swift */; };
		C8F15E9C2B5CA65D00723D23 /* MarvelTesteUITestsLaunchTests.swift in Sources */ = {isa = PBXBuildFile; fileRef = C8F15E9B2B5CA65D00723D23 /* MarvelTesteUITestsLaunchTests.swift */; };
		C8F15EB22B5CA9DB00723D23 /* Colors.swift in Sources */ = {isa = PBXBuildFile; fileRef = C8F15EB12B5CA9DB00723D23 /* Colors.swift */; };
		C8F15EB52B5CAA0700723D23 /* Localizable.strings in Resources */ = {isa = PBXBuildFile; fileRef = C8F15EB42B5CAA0700723D23 /* Localizable.strings */; };
		C8F15EBA2B5CAABE00723D23 /* HomeViewController.swift in Sources */ = {isa = PBXBuildFile; fileRef = C8F15EB92B5CAABE00723D23 /* HomeViewController.swift */; };
		C8F15EBC2B5CAAEA00723D23 /* HomeViewModel.swift in Sources */ = {isa = PBXBuildFile; fileRef = C8F15EBB2B5CAAEA00723D23 /* HomeViewModel.swift */; };
		C8F15EBE2B5CAAF500723D23 /* HomeView.swift in Sources */ = {isa = PBXBuildFile; fileRef = C8F15EBD2B5CAAF500723D23 /* HomeView.swift */; };
		C8F15EC02B5CAB1A00723D23 /* HomeViewDelegate.swift in Sources */ = {isa = PBXBuildFile; fileRef = C8F15EBF2B5CAB1A00723D23 /* HomeViewDelegate.swift */; };
		C8F15EC32B5D69DA00723D23 /* Character.swift in Sources */ = {isa = PBXBuildFile; fileRef = C8F15EC22B5D69DA00723D23 /* Character.swift */; };
		C8F15EC62B5D71EA00723D23 /* CharactersService.swift in Sources */ = {isa = PBXBuildFile; fileRef = C8F15EC52B5D71EA00723D23 /* CharactersService.swift */; };
		C8F15ECE2B5D783F00723D23 /* Urls.swift in Sources */ = {isa = PBXBuildFile; fileRef = C8F15ECD2B5D783F00723D23 /* Urls.swift */; };
		C8F15ED32B5D822600723D23 /* ServicesUtils.swift in Sources */ = {isa = PBXBuildFile; fileRef = C8F15ED22B5D822600723D23 /* ServicesUtils.swift */; };
		C8F15ED52B5D87A900723D23 /* HomeViewModelDelegate.swift in Sources */ = {isa = PBXBuildFile; fileRef = C8F15ED42B5D87A900723D23 /* HomeViewModelDelegate.swift */; };
		C8F15ED72B5DAE6100723D23 /* MarvelApi.swift in Sources */ = {isa = PBXBuildFile; fileRef = C8F15ED62B5DAE6100723D23 /* MarvelApi.swift */; };
		C8F15EDD2B5DECE400723D23 /* CharacterDetailsView.swift in Sources */ = {isa = PBXBuildFile; fileRef = C8F15EDC2B5DECE400723D23 /* CharacterDetailsView.swift */; };
		C8F15EDF2B5DF1BE00723D23 /* CharacterDetailsViewController.swift in Sources */ = {isa = PBXBuildFile; fileRef = C8F15EDE2B5DF1BE00723D23 /* CharacterDetailsViewController.swift */; };
		C8F15EE22B5DF1E000723D23 /* FavoriteCharactersViewController.swift in Sources */ = {isa = PBXBuildFile; fileRef = C8F15EE12B5DF1E000723D23 /* FavoriteCharactersViewController.swift */; };
		C8F15EE62B5DF21100723D23 /* CharacterDetailsViewModel.swift in Sources */ = {isa = PBXBuildFile; fileRef = C8F15EE52B5DF21100723D23 /* CharacterDetailsViewModel.swift */; };
		C8F15EE82B5DF21C00723D23 /* FavoriteCharactersViewModel.swift in Sources */ = {isa = PBXBuildFile; fileRef = C8F15EE72B5DF21C00723D23 /* FavoriteCharactersViewModel.swift */; };
		C8F15EEA2B5DF22B00723D23 /* FavoriteCharactersView.swift in Sources */ = {isa = PBXBuildFile; fileRef = C8F15EE92B5DF22B00723D23 /* FavoriteCharactersView.swift */; };
		C8F15EF32B5EB58600723D23 /* LocalStorage.swift in Sources */ = {isa = PBXBuildFile; fileRef = C8F15EF22B5EB58600723D23 /* LocalStorage.swift */; };
		C8F15EF92B5EBB1700723D23 /* Keys.swift in Sources */ = {isa = PBXBuildFile; fileRef = C8F15EF82B5EBB1700723D23 /* Keys.swift */; };
		C8F15EFB2B5EC3EB00723D23 /* FavoriteCharacterUserDefaults.swift in Sources */ = {isa = PBXBuildFile; fileRef = C8F15EFA2B5EC3EB00723D23 /* FavoriteCharacterUserDefaults.swift */; };
		C8F15F062B5F63FA00723D23 /* Metrics.swift in Sources */ = {isa = PBXBuildFile; fileRef = C8F15F052B5F63FA00723D23 /* Metrics.swift */; };
		C8F15F082B5F642500723D23 /* CharacterForm.swift in Sources */ = {isa = PBXBuildFile; fileRef = C8F15F072B5F642500723D23 /* CharacterForm.swift */; };
		C8F15F0A2B5F66B500723D23 /* FavoriteCharacterManager.swift in Sources */ = {isa = PBXBuildFile; fileRef = C8F15F092B5F66B500723D23 /* FavoriteCharacterManager.swift */; };
		C8F15F0C2B5F6E4800723D23 /* FavoriteCharactersViewDelegate.swift in Sources */ = {isa = PBXBuildFile; fileRef = C8F15F0B2B5F6E4800723D23 /* FavoriteCharactersViewDelegate.swift */; };
		C8F15F0E2B5F717200723D23 /* CharacterDetailsViewDelegate.swift in Sources */ = {isa = PBXBuildFile; fileRef = C8F15F0D2B5F717200723D23 /* CharacterDetailsViewDelegate.swift */; };
/* End PBXBuildFile section */

/* Begin PBXContainerItemProxy section */
		C8F15E8C2B5CA65D00723D23 /* PBXContainerItemProxy */ = {
			isa = PBXContainerItemProxy;
			containerPortal = C8F15E6D2B5CA65900723D23 /* Project object */;
			proxyType = 1;
			remoteGlobalIDString = C8F15E742B5CA65900723D23;
			remoteInfo = MarvelTeste;
		};
		C8F15E962B5CA65D00723D23 /* PBXContainerItemProxy */ = {
			isa = PBXContainerItemProxy;
			containerPortal = C8F15E6D2B5CA65900723D23 /* Project object */;
			proxyType = 1;
			remoteGlobalIDString = C8F15E742B5CA65900723D23;
			remoteInfo = MarvelTeste;
		};
/* End PBXContainerItemProxy section */

/* Begin PBXFileReference section */
		C87BB8782B5FFBF900B73BEC /* CharacterCell.swift */ = {isa = PBXFileReference; lastKnownFileType = sourcecode.swift; path = CharacterCell.swift; sourceTree = "<group>"; };
		C87BB87A2B600CF000B73BEC /* FavoriteCharactersViewModelDelegate.swift */ = {isa = PBXFileReference; lastKnownFileType = sourcecode.swift; path = FavoriteCharactersViewModelDelegate.swift; sourceTree = "<group>"; };
		C87BB87E2B613F8700B73BEC /* HomeViewModelTests.swift */ = {isa = PBXFileReference; lastKnownFileType = sourcecode.swift; path = HomeViewModelTests.swift; sourceTree = "<group>"; };
		C87BB8852B61409100B73BEC /* FavoriteCharactersViewTests.swift */ = {isa = PBXFileReference; lastKnownFileType = sourcecode.swift; path = FavoriteCharactersViewTests.swift; sourceTree = "<group>"; };
		C8F15E752B5CA65900723D23 /* MarvelTeste.app */ = {isa = PBXFileReference; explicitFileType = wrapper.application; includeInIndex = 0; path = MarvelTeste.app; sourceTree = BUILT_PRODUCTS_DIR; };
		C8F15E782B5CA65900723D23 /* AppDelegate.swift */ = {isa = PBXFileReference; lastKnownFileType = sourcecode.swift; path = AppDelegate.swift; sourceTree = "<group>"; };
		C8F15E7A2B5CA65900723D23 /* SceneDelegate.swift */ = {isa = PBXFileReference; lastKnownFileType = sourcecode.swift; path = SceneDelegate.swift; sourceTree = "<group>"; };
		C8F15E812B5CA65D00723D23 /* Assets.xcassets */ = {isa = PBXFileReference; lastKnownFileType = folder.assetcatalog; path = Assets.xcassets; sourceTree = "<group>"; };
		C8F15E862B5CA65D00723D23 /* Info.plist */ = {isa = PBXFileReference; lastKnownFileType = text.plist.xml; path = Info.plist; sourceTree = "<group>"; };
		C8F15E8B2B5CA65D00723D23 /* MarvelTesteTests.xctest */ = {isa = PBXFileReference; explicitFileType = wrapper.cfbundle; includeInIndex = 0; path = MarvelTesteTests.xctest; sourceTree = BUILT_PRODUCTS_DIR; };
		C8F15E8F2B5CA65D00723D23 /* MarvelTesteTests.swift */ = {isa = PBXFileReference; lastKnownFileType = sourcecode.swift; path = MarvelTesteTests.swift; sourceTree = "<group>"; };
		C8F15E952B5CA65D00723D23 /* MarvelTesteUITests.xctest */ = {isa = PBXFileReference; explicitFileType = wrapper.cfbundle; includeInIndex = 0; path = MarvelTesteUITests.xctest; sourceTree = BUILT_PRODUCTS_DIR; };
		C8F15E992B5CA65D00723D23 /* MarvelTesteUITests.swift */ = {isa = PBXFileReference; lastKnownFileType = sourcecode.swift; path = MarvelTesteUITests.swift; sourceTree = "<group>"; };
		C8F15E9B2B5CA65D00723D23 /* MarvelTesteUITestsLaunchTests.swift */ = {isa = PBXFileReference; lastKnownFileType = sourcecode.swift; path = MarvelTesteUITestsLaunchTests.swift; sourceTree = "<group>"; };
		C8F15EB12B5CA9DB00723D23 /* Colors.swift */ = {isa = PBXFileReference; lastKnownFileType = sourcecode.swift; path = Colors.swift; sourceTree = "<group>"; };
		C8F15EB42B5CAA0700723D23 /* Localizable.strings */ = {isa = PBXFileReference; lastKnownFileType = text.plist.strings; path = Localizable.strings; sourceTree = "<group>"; };
		C8F15EB92B5CAABE00723D23 /* HomeViewController.swift */ = {isa = PBXFileReference; lastKnownFileType = sourcecode.swift; path = HomeViewController.swift; sourceTree = "<group>"; };
		C8F15EBB2B5CAAEA00723D23 /* HomeViewModel.swift */ = {isa = PBXFileReference; lastKnownFileType = sourcecode.swift; path = HomeViewModel.swift; sourceTree = "<group>"; };
		C8F15EBD2B5CAAF500723D23 /* HomeView.swift */ = {isa = PBXFileReference; lastKnownFileType = sourcecode.swift; path = HomeView.swift; sourceTree = "<group>"; };
		C8F15EBF2B5CAB1A00723D23 /* HomeViewDelegate.swift */ = {isa = PBXFileReference; lastKnownFileType = sourcecode.swift; path = HomeViewDelegate.swift; sourceTree = "<group>"; };
		C8F15EC22B5D69DA00723D23 /* Character.swift */ = {isa = PBXFileReference; lastKnownFileType = sourcecode.swift; path = Character.swift; sourceTree = "<group>"; };
		C8F15EC52B5D71EA00723D23 /* CharactersService.swift */ = {isa = PBXFileReference; lastKnownFileType = sourcecode.swift; path = CharactersService.swift; sourceTree = "<group>"; };
		C8F15ECD2B5D783F00723D23 /* Urls.swift */ = {isa = PBXFileReference; lastKnownFileType = sourcecode.swift; path = Urls.swift; sourceTree = "<group>"; };
		C8F15ED22B5D822600723D23 /* ServicesUtils.swift */ = {isa = PBXFileReference; lastKnownFileType = sourcecode.swift; path = ServicesUtils.swift; sourceTree = "<group>"; };
		C8F15ED42B5D87A900723D23 /* HomeViewModelDelegate.swift */ = {isa = PBXFileReference; lastKnownFileType = sourcecode.swift; path = HomeViewModelDelegate.swift; sourceTree = "<group>"; };
		C8F15ED62B5DAE6100723D23 /* MarvelApi.swift */ = {isa = PBXFileReference; lastKnownFileType = sourcecode.swift; path = MarvelApi.swift; sourceTree = "<group>"; };
		C8F15EDC2B5DECE400723D23 /* CharacterDetailsView.swift */ = {isa = PBXFileReference; lastKnownFileType = sourcecode.swift; path = CharacterDetailsView.swift; sourceTree = "<group>"; };
		C8F15EDE2B5DF1BE00723D23 /* CharacterDetailsViewController.swift */ = {isa = PBXFileReference; lastKnownFileType = sourcecode.swift; path = CharacterDetailsViewController.swift; sourceTree = "<group>"; };
		C8F15EE12B5DF1E000723D23 /* FavoriteCharactersViewController.swift */ = {isa = PBXFileReference; lastKnownFileType = sourcecode.swift; path = FavoriteCharactersViewController.swift; sourceTree = "<group>"; };
		C8F15EE52B5DF21100723D23 /* CharacterDetailsViewModel.swift */ = {isa = PBXFileReference; lastKnownFileType = sourcecode.swift; path = CharacterDetailsViewModel.swift; sourceTree = "<group>"; };
		C8F15EE72B5DF21C00723D23 /* FavoriteCharactersViewModel.swift */ = {isa = PBXFileReference; lastKnownFileType = sourcecode.swift; path = FavoriteCharactersViewModel.swift; sourceTree = "<group>"; };
		C8F15EE92B5DF22B00723D23 /* FavoriteCharactersView.swift */ = {isa = PBXFileReference; lastKnownFileType = sourcecode.swift; path = FavoriteCharactersView.swift; sourceTree = "<group>"; };
		C8F15EF22B5EB58600723D23 /* LocalStorage.swift */ = {isa = PBXFileReference; lastKnownFileType = sourcecode.swift; path = LocalStorage.swift; sourceTree = "<group>"; };
		C8F15EF82B5EBB1700723D23 /* Keys.swift */ = {isa = PBXFileReference; lastKnownFileType = sourcecode.swift; path = Keys.swift; sourceTree = "<group>"; };
		C8F15EFA2B5EC3EB00723D23 /* FavoriteCharacterUserDefaults.swift */ = {isa = PBXFileReference; lastKnownFileType = sourcecode.swift; path = FavoriteCharacterUserDefaults.swift; sourceTree = "<group>"; };
		C8F15F052B5F63FA00723D23 /* Metrics.swift */ = {isa = PBXFileReference; lastKnownFileType = sourcecode.swift; path = Metrics.swift; sourceTree = "<group>"; };
		C8F15F072B5F642500723D23 /* CharacterForm.swift */ = {isa = PBXFileReference; lastKnownFileType = sourcecode.swift; path = CharacterForm.swift; sourceTree = "<group>"; };
		C8F15F092B5F66B500723D23 /* FavoriteCharacterManager.swift */ = {isa = PBXFileReference; lastKnownFileType = sourcecode.swift; path = FavoriteCharacterManager.swift; sourceTree = "<group>"; };
		C8F15F0B2B5F6E4800723D23 /* FavoriteCharactersViewDelegate.swift */ = {isa = PBXFileReference; lastKnownFileType = sourcecode.swift; path = FavoriteCharactersViewDelegate.swift; sourceTree = "<group>"; };
		C8F15F0D2B5F717200723D23 /* CharacterDetailsViewDelegate.swift */ = {isa = PBXFileReference; lastKnownFileType = sourcecode.swift; path = CharacterDetailsViewDelegate.swift; sourceTree = "<group>"; };
/* End PBXFileReference section */

/* Begin PBXFrameworksBuildPhase section */
		C8F15E722B5CA65900723D23 /* Frameworks */ = {
			isa = PBXFrameworksBuildPhase;
			buildActionMask = 2147483647;
			files = (
			);
			runOnlyForDeploymentPostprocessing = 0;
		};
		C8F15E882B5CA65D00723D23 /* Frameworks */ = {
			isa = PBXFrameworksBuildPhase;
			buildActionMask = 2147483647;
			files = (
			);
			runOnlyForDeploymentPostprocessing = 0;
		};
		C8F15E922B5CA65D00723D23 /* Frameworks */ = {
			isa = PBXFrameworksBuildPhase;
			buildActionMask = 2147483647;
			files = (
			);
			runOnlyForDeploymentPostprocessing = 0;
		};
/* End PBXFrameworksBuildPhase section */

/* Begin PBXGroup section */
		C87BB87C2B613F3300B73BEC /* Features */ = {
			isa = PBXGroup;
			children = (
				C87BB8822B61406200B73BEC /* FavoriteCharacters */,
				C87BB87D2B613F7200B73BEC /* Home */,
			);
			path = Features;
			sourceTree = "<group>";
		};
		C87BB87D2B613F7200B73BEC /* Home */ = {
			isa = PBXGroup;
			children = (
				C87BB87E2B613F8700B73BEC /* HomeViewModelTests.swift */,
			);
			path = Home;
			sourceTree = "<group>";
		};
		C87BB8822B61406200B73BEC /* FavoriteCharacters */ = {
			isa = PBXGroup;
			children = (
				C87BB8852B61409100B73BEC /* FavoriteCharactersViewTests.swift */,
			);
			path = FavoriteCharacters;
			sourceTree = "<group>";
		};
		C8F15E6C2B5CA65900723D23 = {
			isa = PBXGroup;
			children = (
				C8F15E772B5CA65900723D23 /* MarvelTeste */,
				C8F15E8E2B5CA65D00723D23 /* MarvelTesteTests */,
				C8F15E982B5CA65D00723D23 /* MarvelTesteUITests */,
				C8F15E762B5CA65900723D23 /* Products */,
			);
			sourceTree = "<group>";
		};
		C8F15E762B5CA65900723D23 /* Products */ = {
			isa = PBXGroup;
			children = (
				C8F15E752B5CA65900723D23 /* MarvelTeste.app */,
				C8F15E8B2B5CA65D00723D23 /* MarvelTesteTests.xctest */,
				C8F15E952B5CA65D00723D23 /* MarvelTesteUITests.xctest */,
			);
			name = Products;
			sourceTree = "<group>";
		};
		C8F15E772B5CA65900723D23 /* MarvelTeste */ = {
			isa = PBXGroup;
			children = (
				C8F15EA92B5CA8E500723D23 /* Resources */,
				C8F15EA82B5CA8D600723D23 /* Sources */,
				C8F15E782B5CA65900723D23 /* AppDelegate.swift */,
				C8F15E7A2B5CA65900723D23 /* SceneDelegate.swift */,
				C8F15E862B5CA65D00723D23 /* Info.plist */,
			);
			path = MarvelTeste;
			sourceTree = "<group>";
		};
		C8F15E8E2B5CA65D00723D23 /* MarvelTesteTests */ = {
			isa = PBXGroup;
			children = (
				C87BB87C2B613F3300B73BEC /* Features */,
				C8F15E8F2B5CA65D00723D23 /* MarvelTesteTests.swift */,
			);
			path = MarvelTesteTests;
			sourceTree = "<group>";
		};
		C8F15E982B5CA65D00723D23 /* MarvelTesteUITests */ = {
			isa = PBXGroup;
			children = (
				C8F15E992B5CA65D00723D23 /* MarvelTesteUITests.swift */,
				C8F15E9B2B5CA65D00723D23 /* MarvelTesteUITestsLaunchTests.swift */,
			);
			path = MarvelTesteUITests;
			sourceTree = "<group>";
		};
		C8F15EA82B5CA8D600723D23 /* Sources */ = {
			isa = PBXGroup;
			children = (
				C8F15F042B5F63DD00723D23 /* Commons */,
				C8F15EED2B5EB3D200723D23 /* LocalStorage */,
				C8F15ED12B5D7B2400723D23 /* Utils */,
				C8F15EC42B5D71B200723D23 /* Services */,
				C8F15EC12B5CAD6800723D23 /* Factory */,
				C8F15EAF2B5CA9AD00723D23 /* Components */,
				C8F15EAC2B5CA90E00723D23 /* Extensions */,
				C8F15EAB2B5CA90500723D23 /* Models */,
				C8F15EAA2B5CA8F100723D23 /* Features */,
			);
			path = Sources;
			sourceTree = "<group>";
		};
		C8F15EA92B5CA8E500723D23 /* Resources */ = {
			isa = PBXGroup;
			children = (
				C8F15ECC2B5D781500723D23 /* Constants */,
				C8F15EB32B5CA9E400723D23 /* Strings */,
				C8F15E812B5CA65D00723D23 /* Assets.xcassets */,
			);
			path = Resources;
			sourceTree = "<group>";
		};
		C8F15EAA2B5CA8F100723D23 /* Features */ = {
			isa = PBXGroup;
			children = (
				C8F15EE02B5DF1CD00723D23 /* FavoriteCharacters */,
				C8F15ED82B5DECAA00723D23 /* CharacterDetails */,
				C8F15EB62B5CAA8E00723D23 /* Home */,
			);
			path = Features;
			sourceTree = "<group>";
		};
		C8F15EAB2B5CA90500723D23 /* Models */ = {
			isa = PBXGroup;
			children = (
				C8F15EC22B5D69DA00723D23 /* Character.swift */,
				C8F15ED62B5DAE6100723D23 /* MarvelApi.swift */,
			);
			path = Models;
			sourceTree = "<group>";
		};
		C8F15EAC2B5CA90E00723D23 /* Extensions */ = {
			isa = PBXGroup;
			children = (
			);
			path = Extensions;
			sourceTree = "<group>";
		};
		C8F15EAD2B5CA94200723D23 /* UserDefaults */ = {
			isa = PBXGroup;
			children = (
				C8F15EFA2B5EC3EB00723D23 /* FavoriteCharacterUserDefaults.swift */,
			);
			path = UserDefaults;
			sourceTree = "<group>";
		};
		C8F15EAF2B5CA9AD00723D23 /* Components */ = {
			isa = PBXGroup;
			children = (
				C8F15F072B5F642500723D23 /* CharacterForm.swift */,
				C87BB8782B5FFBF900B73BEC /* CharacterCell.swift */,
			);
			path = Components;
			sourceTree = "<group>";
		};
		C8F15EB32B5CA9E400723D23 /* Strings */ = {
			isa = PBXGroup;
			children = (
				C8F15EB42B5CAA0700723D23 /* Localizable.strings */,
			);
			path = Strings;
			sourceTree = "<group>";
		};
		C8F15EB62B5CAA8E00723D23 /* Home */ = {
			isa = PBXGroup;
			children = (
				C8F15EB82B5CAAA000723D23 /* ViewModel */,
				C8F15EB72B5CAA9900723D23 /* View */,
				C8F15EB92B5CAABE00723D23 /* HomeViewController.swift */,
			);
			path = Home;
			sourceTree = "<group>";
		};
		C8F15EB72B5CAA9900723D23 /* View */ = {
			isa = PBXGroup;
			children = (
				C8F15EBD2B5CAAF500723D23 /* HomeView.swift */,
				C8F15EBF2B5CAB1A00723D23 /* HomeViewDelegate.swift */,
			);
			path = View;
			sourceTree = "<group>";
		};
		C8F15EB82B5CAAA000723D23 /* ViewModel */ = {
			isa = PBXGroup;
			children = (
				C8F15EBB2B5CAAEA00723D23 /* HomeViewModel.swift */,
				C8F15ED42B5D87A900723D23 /* HomeViewModelDelegate.swift */,
			);
			path = ViewModel;
			sourceTree = "<group>";
		};
		C8F15EC12B5CAD6800723D23 /* Factory */ = {
			isa = PBXGroup;
			children = (
			);
			path = Factory;
			sourceTree = "<group>";
		};
		C8F15EC42B5D71B200723D23 /* Services */ = {
			isa = PBXGroup;
			children = (
				C8F15EC52B5D71EA00723D23 /* CharactersService.swift */,
			);
			path = Services;
			sourceTree = "<group>";
		};
		C8F15ECC2B5D781500723D23 /* Constants */ = {
			isa = PBXGroup;
			children = (
				C8F15EB12B5CA9DB00723D23 /* Colors.swift */,
				C8F15ECD2B5D783F00723D23 /* Urls.swift */,
				C8F15EF82B5EBB1700723D23 /* Keys.swift */,
			);
			path = Constants;
			sourceTree = "<group>";
		};
		C8F15ED12B5D7B2400723D23 /* Utils */ = {
			isa = PBXGroup;
			children = (
				C8F15ED22B5D822600723D23 /* ServicesUtils.swift */,
			);
			path = Utils;
			sourceTree = "<group>";
		};
		C8F15ED82B5DECAA00723D23 /* CharacterDetails */ = {
			isa = PBXGroup;
			children = (
				C8F15EDA2B5DECBA00723D23 /* ViewModel */,
				C8F15ED92B5DECB200723D23 /* View */,
				C8F15EDE2B5DF1BE00723D23 /* CharacterDetailsViewController.swift */,
			);
			path = CharacterDetails;
			sourceTree = "<group>";
		};
		C8F15ED92B5DECB200723D23 /* View */ = {
			isa = PBXGroup;
			children = (
				C8F15EDC2B5DECE400723D23 /* CharacterDetailsView.swift */,
				C8F15F0D2B5F717200723D23 /* CharacterDetailsViewDelegate.swift */,
			);
			path = View;
			sourceTree = "<group>";
		};
		C8F15EDA2B5DECBA00723D23 /* ViewModel */ = {
			isa = PBXGroup;
			children = (
				C8F15EE52B5DF21100723D23 /* CharacterDetailsViewModel.swift */,
			);
			path = ViewModel;
			sourceTree = "<group>";
		};
		C8F15EE02B5DF1CD00723D23 /* FavoriteCharacters */ = {
			isa = PBXGroup;
			children = (
				C8F15EE42B5DF20000723D23 /* ViewModel */,
				C8F15EE32B5DF1E300723D23 /* View */,
				C8F15EE12B5DF1E000723D23 /* FavoriteCharactersViewController.swift */,
			);
			path = FavoriteCharacters;
			sourceTree = "<group>";
		};
		C8F15EE32B5DF1E300723D23 /* View */ = {
			isa = PBXGroup;
			children = (
				C8F15EE92B5DF22B00723D23 /* FavoriteCharactersView.swift */,
				C8F15F0B2B5F6E4800723D23 /* FavoriteCharactersViewDelegate.swift */,
			);
			path = View;
			sourceTree = "<group>";
		};
		C8F15EE42B5DF20000723D23 /* ViewModel */ = {
			isa = PBXGroup;
			children = (
				C8F15EE72B5DF21C00723D23 /* FavoriteCharactersViewModel.swift */,
				C87BB87A2B600CF000B73BEC /* FavoriteCharactersViewModelDelegate.swift */,
			);
			path = ViewModel;
			sourceTree = "<group>";
		};
		C8F15EED2B5EB3D200723D23 /* LocalStorage */ = {
			isa = PBXGroup;
			children = (
				C8F15EF22B5EB58600723D23 /* LocalStorage.swift */,
				C8F15EAD2B5CA94200723D23 /* UserDefaults */,
			);
			path = LocalStorage;
			sourceTree = "<group>";
		};
		C8F15F042B5F63DD00723D23 /* Commons */ = {
			isa = PBXGroup;
			children = (
				C8F15F052B5F63FA00723D23 /* Metrics.swift */,
				C8F15F092B5F66B500723D23 /* FavoriteCharacterManager.swift */,
			);
			path = Commons;
			sourceTree = "<group>";
		};
/* End PBXGroup section */

/* Begin PBXNativeTarget section */
		C8F15E742B5CA65900723D23 /* MarvelTeste */ = {
			isa = PBXNativeTarget;
			buildConfigurationList = C8F15E9F2B5CA65D00723D23 /* Build configuration list for PBXNativeTarget "MarvelTeste" */;
			buildPhases = (
				C8F15E712B5CA65900723D23 /* Sources */,
				C8F15E722B5CA65900723D23 /* Frameworks */,
				C8F15E732B5CA65900723D23 /* Resources */,
			);
			buildRules = (
			);
			dependencies = (
			);
			name = MarvelTeste;
			productName = MarvelTeste;
			productReference = C8F15E752B5CA65900723D23 /* MarvelTeste.app */;
			productType = "com.apple.product-type.application";
		};
		C8F15E8A2B5CA65D00723D23 /* MarvelTesteTests */ = {
			isa = PBXNativeTarget;
			buildConfigurationList = C8F15EA22B5CA65D00723D23 /* Build configuration list for PBXNativeTarget "MarvelTesteTests" */;
			buildPhases = (
				C8F15E872B5CA65D00723D23 /* Sources */,
				C8F15E882B5CA65D00723D23 /* Frameworks */,
				C8F15E892B5CA65D00723D23 /* Resources */,
			);
			buildRules = (
			);
			dependencies = (
				C8F15E8D2B5CA65D00723D23 /* PBXTargetDependency */,
			);
			name = MarvelTesteTests;
			productName = MarvelTesteTests;
			productReference = C8F15E8B2B5CA65D00723D23 /* MarvelTesteTests.xctest */;
			productType = "com.apple.product-type.bundle.unit-test";
		};
		C8F15E942B5CA65D00723D23 /* MarvelTesteUITests */ = {
			isa = PBXNativeTarget;
			buildConfigurationList = C8F15EA52B5CA65D00723D23 /* Build configuration list for PBXNativeTarget "MarvelTesteUITests" */;
			buildPhases = (
				C8F15E912B5CA65D00723D23 /* Sources */,
				C8F15E922B5CA65D00723D23 /* Frameworks */,
				C8F15E932B5CA65D00723D23 /* Resources */,
			);
			buildRules = (
			);
			dependencies = (
				C8F15E972B5CA65D00723D23 /* PBXTargetDependency */,
			);
			name = MarvelTesteUITests;
			productName = MarvelTesteUITests;
			productReference = C8F15E952B5CA65D00723D23 /* MarvelTesteUITests.xctest */;
			productType = "com.apple.product-type.bundle.ui-testing";
		};
/* End PBXNativeTarget section */

/* Begin PBXProject section */
		C8F15E6D2B5CA65900723D23 /* Project object */ = {
			isa = PBXProject;
			attributes = {
				BuildIndependentTargetsInParallel = 1;
				LastSwiftUpdateCheck = 1420;
				LastUpgradeCheck = 1420;
				TargetAttributes = {
					C8F15E742B5CA65900723D23 = {
						CreatedOnToolsVersion = 14.2;
					};
					C8F15E8A2B5CA65D00723D23 = {
						CreatedOnToolsVersion = 14.2;
						TestTargetID = C8F15E742B5CA65900723D23;
					};
					C8F15E942B5CA65D00723D23 = {
						CreatedOnToolsVersion = 14.2;
						TestTargetID = C8F15E742B5CA65900723D23;
					};
				};
			};
			buildConfigurationList = C8F15E702B5CA65900723D23 /* Build configuration list for PBXProject "MarvelTeste" */;
			compatibilityVersion = "Xcode 14.0";
			developmentRegion = en;
			hasScannedForEncodings = 0;
			knownRegions = (
				en,
				Base,
			);
			mainGroup = C8F15E6C2B5CA65900723D23;
			productRefGroup = C8F15E762B5CA65900723D23 /* Products */;
			projectDirPath = "";
			projectRoot = "";
			targets = (
				C8F15E742B5CA65900723D23 /* MarvelTeste */,
				C8F15E8A2B5CA65D00723D23 /* MarvelTesteTests */,
				C8F15E942B5CA65D00723D23 /* MarvelTesteUITests */,
			);
		};
/* End PBXProject section */

/* Begin PBXResourcesBuildPhase section */
		C8F15E732B5CA65900723D23 /* Resources */ = {
			isa = PBXResourcesBuildPhase;
			buildActionMask = 2147483647;
			files = (
				C8F15E822B5CA65D00723D23 /* Assets.xcassets in Resources */,
				C8F15EB52B5CAA0700723D23 /* Localizable.strings in Resources */,
			);
			runOnlyForDeploymentPostprocessing = 0;
		};
		C8F15E892B5CA65D00723D23 /* Resources */ = {
			isa = PBXResourcesBuildPhase;
			buildActionMask = 2147483647;
			files = (
			);
			runOnlyForDeploymentPostprocessing = 0;
		};
		C8F15E932B5CA65D00723D23 /* Resources */ = {
			isa = PBXResourcesBuildPhase;
			buildActionMask = 2147483647;
			files = (
			);
			runOnlyForDeploymentPostprocessing = 0;
		};
/* End PBXResourcesBuildPhase section */

/* Begin PBXSourcesBuildPhase section */
		C8F15E712B5CA65900723D23 /* Sources */ = {
			isa = PBXSourcesBuildPhase;
			buildActionMask = 2147483647;
			files = (
				C8F15EE22B5DF1E000723D23 /* FavoriteCharactersViewController.swift in Sources */,
				C8F15EF32B5EB58600723D23 /* LocalStorage.swift in Sources */,
				C8F15EC02B5CAB1A00723D23 /* HomeViewDelegate.swift in Sources */,
				C87BB8792B5FFBF900B73BEC /* CharacterCell.swift in Sources */,
				C87BB87B2B600CF000B73BEC /* FavoriteCharactersViewModelDelegate.swift in Sources */,
				C8F15ED32B5D822600723D23 /* ServicesUtils.swift in Sources */,
				C8F15EEA2B5DF22B00723D23 /* FavoriteCharactersView.swift in Sources */,
				C8F15EE62B5DF21100723D23 /* CharacterDetailsViewModel.swift in Sources */,
				C8F15F0A2B5F66B500723D23 /* FavoriteCharacterManager.swift in Sources */,
				C8F15F062B5F63FA00723D23 /* Metrics.swift in Sources */,
				C8F15EDF2B5DF1BE00723D23 /* CharacterDetailsViewController.swift in Sources */,
				C8F15ED52B5D87A900723D23 /* HomeViewModelDelegate.swift in Sources */,
				C8F15EDD2B5DECE400723D23 /* CharacterDetailsView.swift in Sources */,
				C8F15E792B5CA65900723D23 /* AppDelegate.swift in Sources */,
				C8F15EE82B5DF21C00723D23 /* FavoriteCharactersViewModel.swift in Sources */,
				C8F15EB22B5CA9DB00723D23 /* Colors.swift in Sources */,
				C8F15F0E2B5F717200723D23 /* CharacterDetailsViewDelegate.swift in Sources */,
				C8F15E7B2B5CA65900723D23 /* SceneDelegate.swift in Sources */,
				C8F15EFB2B5EC3EB00723D23 /* FavoriteCharacterUserDefaults.swift in Sources */,
				C8F15F082B5F642500723D23 /* CharacterForm.swift in Sources */,
				C8F15EBC2B5CAAEA00723D23 /* HomeViewModel.swift in Sources */,
				C8F15ECE2B5D783F00723D23 /* Urls.swift in Sources */,
				C8F15F0C2B5F6E4800723D23 /* FavoriteCharactersViewDelegate.swift in Sources */,
				C8F15EF92B5EBB1700723D23 /* Keys.swift in Sources */,
				C8F15EBE2B5CAAF500723D23 /* HomeView.swift in Sources */,
				C8F15EBA2B5CAABE00723D23 /* HomeViewController.swift in Sources */,
				C8F15EC62B5D71EA00723D23 /* CharactersService.swift in Sources */,
				C8F15EC32B5D69DA00723D23 /* Character.swift in Sources */,
				C8F15ED72B5DAE6100723D23 /* MarvelApi.swift in Sources */,
			);
			runOnlyForDeploymentPostprocessing = 0;
		};
		C8F15E872B5CA65D00723D23 /* Sources */ = {
			isa = PBXSourcesBuildPhase;
			buildActionMask = 2147483647;
			files = (
				C87BB8862B61409100B73BEC /* FavoriteCharactersViewTests.swift in Sources */,
				C8F15E902B5CA65D00723D23 /* MarvelTesteTests.swift in Sources */,
				C87BB87F2B613F8700B73BEC /* HomeViewModelTests.swift in Sources */,
			);
			runOnlyForDeploymentPostprocessing = 0;
		};
		C8F15E912B5CA65D00723D23 /* Sources */ = {
			isa = PBXSourcesBuildPhase;
			buildActionMask = 2147483647;
			files = (
				C8F15E9A2B5CA65D00723D23 /* MarvelTesteUITests.swift in Sources */,
				C8F15E9C2B5CA65D00723D23 /* MarvelTesteUITestsLaunchTests.swift in Sources */,
			);
			runOnlyForDeploymentPostprocessing = 0;
		};
/* End PBXSourcesBuildPhase section */

/* Begin PBXTargetDependency section */
		C8F15E8D2B5CA65D00723D23 /* PBXTargetDependency */ = {
			isa = PBXTargetDependency;
			target = C8F15E742B5CA65900723D23 /* MarvelTeste */;
			targetProxy = C8F15E8C2B5CA65D00723D23 /* PBXContainerItemProxy */;
		};
		C8F15E972B5CA65D00723D23 /* PBXTargetDependency */ = {
			isa = PBXTargetDependency;
			target = C8F15E742B5CA65900723D23 /* MarvelTeste */;
			targetProxy = C8F15E962B5CA65D00723D23 /* PBXContainerItemProxy */;
		};
/* End PBXTargetDependency section */

/* Begin XCBuildConfiguration section */
		C8F15E9D2B5CA65D00723D23 /* Debug */ = {
			isa = XCBuildConfiguration;
			buildSettings = {
				ALWAYS_SEARCH_USER_PATHS = NO;
				CLANG_ANALYZER_NONNULL = YES;
				CLANG_ANALYZER_NUMBER_OBJECT_CONVERSION = YES_AGGRESSIVE;
				CLANG_CXX_LANGUAGE_STANDARD = "gnu++20";
				CLANG_ENABLE_MODULES = YES;
				CLANG_ENABLE_OBJC_ARC = YES;
				CLANG_ENABLE_OBJC_WEAK = YES;
				CLANG_WARN_BLOCK_CAPTURE_AUTORELEASING = YES;
				CLANG_WARN_BOOL_CONVERSION = YES;
				CLANG_WARN_COMMA = YES;
				CLANG_WARN_CONSTANT_CONVERSION = YES;
				CLANG_WARN_DEPRECATED_OBJC_IMPLEMENTATIONS = YES;
				CLANG_WARN_DIRECT_OBJC_ISA_USAGE = YES_ERROR;
				CLANG_WARN_DOCUMENTATION_COMMENTS = YES;
				CLANG_WARN_EMPTY_BODY = YES;
				CLANG_WARN_ENUM_CONVERSION = YES;
				CLANG_WARN_INFINITE_RECURSION = YES;
				CLANG_WARN_INT_CONVERSION = YES;
				CLANG_WARN_NON_LITERAL_NULL_CONVERSION = YES;
				CLANG_WARN_OBJC_IMPLICIT_RETAIN_SELF = YES;
				CLANG_WARN_OBJC_LITERAL_CONVERSION = YES;
				CLANG_WARN_OBJC_ROOT_CLASS = YES_ERROR;
				CLANG_WARN_QUOTED_INCLUDE_IN_FRAMEWORK_HEADER = YES;
				CLANG_WARN_RANGE_LOOP_ANALYSIS = YES;
				CLANG_WARN_STRICT_PROTOTYPES = YES;
				CLANG_WARN_SUSPICIOUS_MOVE = YES;
				CLANG_WARN_UNGUARDED_AVAILABILITY = YES_AGGRESSIVE;
				CLANG_WARN_UNREACHABLE_CODE = YES;
				CLANG_WARN__DUPLICATE_METHOD_MATCH = YES;
				COPY_PHASE_STRIP = NO;
				DEBUG_INFORMATION_FORMAT = dwarf;
				ENABLE_STRICT_OBJC_MSGSEND = YES;
				ENABLE_TESTABILITY = YES;
				GCC_C_LANGUAGE_STANDARD = gnu11;
				GCC_DYNAMIC_NO_PIC = NO;
				GCC_NO_COMMON_BLOCKS = YES;
				GCC_OPTIMIZATION_LEVEL = 0;
				GCC_PREPROCESSOR_DEFINITIONS = (
					"DEBUG=1",
					"$(inherited)",
				);
				GCC_WARN_64_TO_32_BIT_CONVERSION = YES;
				GCC_WARN_ABOUT_RETURN_TYPE = YES_ERROR;
				GCC_WARN_UNDECLARED_SELECTOR = YES;
				GCC_WARN_UNINITIALIZED_AUTOS = YES_AGGRESSIVE;
				GCC_WARN_UNUSED_FUNCTION = YES;
				GCC_WARN_UNUSED_VARIABLE = YES;
				IPHONEOS_DEPLOYMENT_TARGET = 16.2;
				MTL_ENABLE_DEBUG_INFO = INCLUDE_SOURCE;
				MTL_FAST_MATH = YES;
				ONLY_ACTIVE_ARCH = YES;
				SDKROOT = iphoneos;
				SWIFT_ACTIVE_COMPILATION_CONDITIONS = DEBUG;
				SWIFT_OPTIMIZATION_LEVEL = "-Onone";
			};
			name = Debug;
		};
		C8F15E9E2B5CA65D00723D23 /* Release */ = {
			isa = XCBuildConfiguration;
			buildSettings = {
				ALWAYS_SEARCH_USER_PATHS = NO;
				CLANG_ANALYZER_NONNULL = YES;
				CLANG_ANALYZER_NUMBER_OBJECT_CONVERSION = YES_AGGRESSIVE;
				CLANG_CXX_LANGUAGE_STANDARD = "gnu++20";
				CLANG_ENABLE_MODULES = YES;
				CLANG_ENABLE_OBJC_ARC = YES;
				CLANG_ENABLE_OBJC_WEAK = YES;
				CLANG_WARN_BLOCK_CAPTURE_AUTORELEASING = YES;
				CLANG_WARN_BOOL_CONVERSION = YES;
				CLANG_WARN_COMMA = YES;
				CLANG_WARN_CONSTANT_CONVERSION = YES;
				CLANG_WARN_DEPRECATED_OBJC_IMPLEMENTATIONS = YES;
				CLANG_WARN_DIRECT_OBJC_ISA_USAGE = YES_ERROR;
				CLANG_WARN_DOCUMENTATION_COMMENTS = YES;
				CLANG_WARN_EMPTY_BODY = YES;
				CLANG_WARN_ENUM_CONVERSION = YES;
				CLANG_WARN_INFINITE_RECURSION = YES;
				CLANG_WARN_INT_CONVERSION = YES;
				CLANG_WARN_NON_LITERAL_NULL_CONVERSION = YES;
				CLANG_WARN_OBJC_IMPLICIT_RETAIN_SELF = YES;
				CLANG_WARN_OBJC_LITERAL_CONVERSION = YES;
				CLANG_WARN_OBJC_ROOT_CLASS = YES_ERROR;
				CLANG_WARN_QUOTED_INCLUDE_IN_FRAMEWORK_HEADER = YES;
				CLANG_WARN_RANGE_LOOP_ANALYSIS = YES;
				CLANG_WARN_STRICT_PROTOTYPES = YES;
				CLANG_WARN_SUSPICIOUS_MOVE = YES;
				CLANG_WARN_UNGUARDED_AVAILABILITY = YES_AGGRESSIVE;
				CLANG_WARN_UNREACHABLE_CODE = YES;
				CLANG_WARN__DUPLICATE_METHOD_MATCH = YES;
				COPY_PHASE_STRIP = NO;
				DEBUG_INFORMATION_FORMAT = "dwarf-with-dsym";
				ENABLE_NS_ASSERTIONS = NO;
				ENABLE_STRICT_OBJC_MSGSEND = YES;
				GCC_C_LANGUAGE_STANDARD = gnu11;
				GCC_NO_COMMON_BLOCKS = YES;
				GCC_WARN_64_TO_32_BIT_CONVERSION = YES;
				GCC_WARN_ABOUT_RETURN_TYPE = YES_ERROR;
				GCC_WARN_UNDECLARED_SELECTOR = YES;
				GCC_WARN_UNINITIALIZED_AUTOS = YES_AGGRESSIVE;
				GCC_WARN_UNUSED_FUNCTION = YES;
				GCC_WARN_UNUSED_VARIABLE = YES;
				IPHONEOS_DEPLOYMENT_TARGET = 16.2;
				MTL_ENABLE_DEBUG_INFO = NO;
				MTL_FAST_MATH = YES;
				SDKROOT = iphoneos;
				SWIFT_COMPILATION_MODE = wholemodule;
				SWIFT_OPTIMIZATION_LEVEL = "-O";
				VALIDATE_PRODUCT = YES;
			};
			name = Release;
		};
		C8F15EA02B5CA65D00723D23 /* Debug */ = {
			isa = XCBuildConfiguration;
			buildSettings = {
				ASSETCATALOG_COMPILER_APPICON_NAME = AppIcon;
				ASSETCATALOG_COMPILER_GLOBAL_ACCENT_COLOR_NAME = AccentColor;
				CODE_SIGN_STYLE = Automatic;
				CURRENT_PROJECT_VERSION = 1;
				DEVELOPMENT_TEAM = XBCF4ZZK6H;
				GENERATE_INFOPLIST_FILE = YES;
				INFOPLIST_FILE = MarvelTeste/Info.plist;
				INFOPLIST_KEY_UILaunchStoryboardName = CharacterDetailsViewController;
				INFOPLIST_KEY_UISupportedInterfaceOrientations_iPad = "UIInterfaceOrientationPortrait UIInterfaceOrientationPortraitUpsideDown UIInterfaceOrientationLandscapeLeft UIInterfaceOrientationLandscapeRight";
				INFOPLIST_KEY_UISupportedInterfaceOrientations_iPhone = "UIInterfaceOrientationPortrait UIInterfaceOrientationLandscapeLeft UIInterfaceOrientationLandscapeRight";
				LD_RUNPATH_SEARCH_PATHS = (
					"$(inherited)",
					"@executable_path/Frameworks",
				);
				MARKETING_VERSION = 1.0;
				PRODUCT_BUNDLE_IDENTIFIER = pedro.MarvelTeste;
				PRODUCT_NAME = "$(TARGET_NAME)";
				SWIFT_EMIT_LOC_STRINGS = YES;
				SWIFT_VERSION = 5.0;
				TARGETED_DEVICE_FAMILY = "1,2";
			};
			name = Debug;
		};
		C8F15EA12B5CA65D00723D23 /* Release */ = {
			isa = XCBuildConfiguration;
			buildSettings = {
				ASSETCATALOG_COMPILER_APPICON_NAME = AppIcon;
				ASSETCATALOG_COMPILER_GLOBAL_ACCENT_COLOR_NAME = AccentColor;
				CODE_SIGN_STYLE = Automatic;
				CURRENT_PROJECT_VERSION = 1;
				DEVELOPMENT_TEAM = XBCF4ZZK6H;
				GENERATE_INFOPLIST_FILE = YES;
				INFOPLIST_FILE = MarvelTeste/Info.plist;
				INFOPLIST_KEY_UILaunchStoryboardName = CharacterDetailsViewController;
				INFOPLIST_KEY_UISupportedInterfaceOrientations_iPad = "UIInterfaceOrientationPortrait UIInterfaceOrientationPortraitUpsideDown UIInterfaceOrientationLandscapeLeft UIInterfaceOrientationLandscapeRight";
				INFOPLIST_KEY_UISupportedInterfaceOrientations_iPhone = "UIInterfaceOrientationPortrait UIInterfaceOrientationLandscapeLeft UIInterfaceOrientationLandscapeRight";
				LD_RUNPATH_SEARCH_PATHS = (
					"$(inherited)",
					"@executable_path/Frameworks",
				);
				MARKETING_VERSION = 1.0;
				PRODUCT_BUNDLE_IDENTIFIER = pedro.MarvelTeste;
				PRODUCT_NAME = "$(TARGET_NAME)";
				SWIFT_EMIT_LOC_STRINGS = YES;
				SWIFT_VERSION = 5.0;
				TARGETED_DEVICE_FAMILY = "1,2";
			};
			name = Release;
		};
		C8F15EA32B5CA65D00723D23 /* Debug */ = {
			isa = XCBuildConfiguration;
			buildSettings = {
				ALWAYS_EMBED_SWIFT_STANDARD_LIBRARIES = YES;
				BUNDLE_LOADER = "$(TEST_HOST)";
				CODE_SIGN_STYLE = Automatic;
				CURRENT_PROJECT_VERSION = 1;
				DEVELOPMENT_TEAM = XBCF4ZZK6H;
				GENERATE_INFOPLIST_FILE = YES;
				IPHONEOS_DEPLOYMENT_TARGET = 16.2;
				MARKETING_VERSION = 1.0;
				PRODUCT_BUNDLE_IDENTIFIER = pedro.MarvelTesteTests;
				PRODUCT_NAME = "$(TARGET_NAME)";
				SWIFT_EMIT_LOC_STRINGS = NO;
				SWIFT_VERSION = 5.0;
				TARGETED_DEVICE_FAMILY = "1,2";
				TEST_HOST = "$(BUILT_PRODUCTS_DIR)/MarvelTeste.app/$(BUNDLE_EXECUTABLE_FOLDER_PATH)/MarvelTeste";
			};
			name = Debug;
		};
		C8F15EA42B5CA65D00723D23 /* Release */ = {
			isa = XCBuildConfiguration;
			buildSettings = {
				ALWAYS_EMBED_SWIFT_STANDARD_LIBRARIES = YES;
				BUNDLE_LOADER = "$(TEST_HOST)";
				CODE_SIGN_STYLE = Automatic;
				CURRENT_PROJECT_VERSION = 1;
				DEVELOPMENT_TEAM = XBCF4ZZK6H;
				GENERATE_INFOPLIST_FILE = YES;
				IPHONEOS_DEPLOYMENT_TARGET = 16.2;
				MARKETING_VERSION = 1.0;
				PRODUCT_BUNDLE_IDENTIFIER = pedro.MarvelTesteTests;
				PRODUCT_NAME = "$(TARGET_NAME)";
				SWIFT_EMIT_LOC_STRINGS = NO;
				SWIFT_VERSION = 5.0;
				TARGETED_DEVICE_FAMILY = "1,2";
				TEST_HOST = "$(BUILT_PRODUCTS_DIR)/MarvelTeste.app/$(BUNDLE_EXECUTABLE_FOLDER_PATH)/MarvelTeste";
			};
			name = Release;
		};
		C8F15EA62B5CA65D00723D23 /* Debug */ = {
			isa = XCBuildConfiguration;
			buildSettings = {
				ALWAYS_EMBED_SWIFT_STANDARD_LIBRARIES = YES;
				CODE_SIGN_STYLE = Automatic;
				CURRENT_PROJECT_VERSION = 1;
				DEVELOPMENT_TEAM = XBCF4ZZK6H;
				GENERATE_INFOPLIST_FILE = YES;
				MARKETING_VERSION = 1.0;
				PRODUCT_BUNDLE_IDENTIFIER = pedro.MarvelTesteUITests;
				PRODUCT_NAME = "$(TARGET_NAME)";
				SWIFT_EMIT_LOC_STRINGS = NO;
				SWIFT_VERSION = 5.0;
				TARGETED_DEVICE_FAMILY = "1,2";
				TEST_TARGET_NAME = MarvelTeste;
			};
			name = Debug;
		};
		C8F15EA72B5CA65D00723D23 /* Release */ = {
			isa = XCBuildConfiguration;
			buildSettings = {
				ALWAYS_EMBED_SWIFT_STANDARD_LIBRARIES = YES;
				CODE_SIGN_STYLE = Automatic;
				CURRENT_PROJECT_VERSION = 1;
				DEVELOPMENT_TEAM = XBCF4ZZK6H;
				GENERATE_INFOPLIST_FILE = YES;
				MARKETING_VERSION = 1.0;
				PRODUCT_BUNDLE_IDENTIFIER = pedro.MarvelTesteUITests;
				PRODUCT_NAME = "$(TARGET_NAME)";
				SWIFT_EMIT_LOC_STRINGS = NO;
				SWIFT_VERSION = 5.0;
				TARGETED_DEVICE_FAMILY = "1,2";
				TEST_TARGET_NAME = MarvelTeste;
			};
			name = Release;
		};
/* End XCBuildConfiguration section */

/* Begin XCConfigurationList section */
		C8F15E702B5CA65900723D23 /* Build configuration list for PBXProject "MarvelTeste" */ = {
			isa = XCConfigurationList;
			buildConfigurations = (
				C8F15E9D2B5CA65D00723D23 /* Debug */,
				C8F15E9E2B5CA65D00723D23 /* Release */,
			);
			defaultConfigurationIsVisible = 0;
			defaultConfigurationName = Release;
		};
		C8F15E9F2B5CA65D00723D23 /* Build configuration list for PBXNativeTarget "MarvelTeste" */ = {
			isa = XCConfigurationList;
			buildConfigurations = (
				C8F15EA02B5CA65D00723D23 /* Debug */,
				C8F15EA12B5CA65D00723D23 /* Release */,
			);
			defaultConfigurationIsVisible = 0;
			defaultConfigurationName = Release;
		};
		C8F15EA22B5CA65D00723D23 /* Build configuration list for PBXNativeTarget "MarvelTesteTests" */ = {
			isa = XCConfigurationList;
			buildConfigurations = (
				C8F15EA32B5CA65D00723D23 /* Debug */,
				C8F15EA42B5CA65D00723D23 /* Release */,
			);
			defaultConfigurationIsVisible = 0;
			defaultConfigurationName = Release;
		};
		C8F15EA52B5CA65D00723D23 /* Build configuration list for PBXNativeTarget "MarvelTesteUITests" */ = {
			isa = XCConfigurationList;
			buildConfigurations = (
				C8F15EA62B5CA65D00723D23 /* Debug */,
				C8F15EA72B5CA65D00723D23 /* Release */,
			);
			defaultConfigurationIsVisible = 0;
			defaultConfigurationName = Release;
		};
/* End XCConfigurationList section */
	};
	rootObject = C8F15E6D2B5CA65900723D23 /* Project object */;
}
